
Microsoft Visual Studio Solution File, Format Version 12.00
# Visual Studio Version 17
VisualStudioVersion = 17.11.35312.102
MinimumVisualStudioVersion = 10.0.40219.1
Project("{FAE04EC0-301F-11D3-BF4B-00C04F79EFBC}") = "the_project", "the_project\the_project.csproj", "{8EBBC350-9E0E-469E-B40E-A415DF9934BC}"
EndProject
Global
	GlobalSection(SolutionConfigurationPlatforms) = preSolution
		Debug|Any CPU = Debug|Any CPU
		Release|Any CPU = Release|Any CPU
	EndGlobalSection
	GlobalSection(ProjectConfigurationPlatforms) = postSolution
		{8EBBC350-9E0E-469E-B40E-A415DF9934BC}.Debug|Any CPU.ActiveCfg = Debug|Any CPU
		{8EBBC350-9E0E-469E-B40E-A415DF9934BC}.Debug|Any CPU.Build.0 = Debug|Any CPU
		{8EBBC350-9E0E-469E-B40E-A415DF9934BC}.Release|Any CPU.ActiveCfg = Release|Any CPU
		{8EBBC350-9E0E-469E-B40E-A415DF9934BC}.Release|Any CPU.Build.0 = Release|Any CPU
	EndGlobalSection
	GlobalSection(SolutionProperties) = preSolution
		HideSolutionNode = FALSE
	EndGlobalSection
	GlobalSection(ExtensibilityGlobals) = postSolution
		SolutionGuid = {C4BC8CB5-C0ED-4DCF-841A-81AE04A29BB3}
	EndGlobalSection
EndGlobal
